{
  "name": "simple-answer-bot",
  "version": "1.0.0",
  "lockfileVersion": 2,
  "requires": true,
  "packages": {
    "": {
      "version": "1.0.0",
      "license": "MIT",
      "dependencies": {
        "isa-know-name": "^1.0.7"
      }
    },
    "node_modules/isa-know-name": {
      "version": "1.0.7",
      "resolved": "https://registry.npmjs.org/isa-know-name/-/isa-know-name-1.0.7.tgz",
      "integrity": "sha512-x4DezT4ElPH/mSuxajfd0/LCXbGeEyEKnoQWWf6TzO2ztFoJUUJDdbDO6MZon9Vy/ylrA7L/IZs3KxI79vByRA=="
    }
  },
  "dependencies": {
    "isa-know-name": {
      "version": "1.0.7",
      "resolved": "https://registry.npmjs.org/isa-know-name/-/isa-know-name-1.0.7.tgz",
      "integrity": "sha512-x4DezT4ElPH/mSuxajfd0/LCXbGeEyEKnoQWWf6TzO2ztFoJUUJDdbDO6MZon9Vy/ylrA7L/IZs3KxI79vByRA=="
    }
  }
}
